<?xml version="1.0" encoding="utf-8"?>
<Project ToolsVersion="4.0" xmlns="http://schemas.microsoft.com/developer/msbuild/2003">
  <ItemGroup>
    <Filter Include="Source Files">
      <UniqueIdentifier>{4FC737F1-C7A5-4376-A066-2A32D752A2FF}</UniqueIdentifier>
      <Extensions>cpp;c;cc;cxx;def;odl;idl;hpj;bat;asm;asmx</Extensions>
    </Filter>
    <Filter Include="Header Files">
      <UniqueIdentifier>{93995380-89BD-4b04-88EB-625FBE52EBFB}</UniqueIdentifier>
      <Extensions>h;hh;hpp;hxx;hm;inl;inc;xsd</Extensions>
    </Filter>
    <Filter Include="Resource Files">
      <UniqueIdentifier>{67DA6AB6-F800-4c08-8B7A-83BB121AAD01}</UniqueIdentifier>
      <Extensions>rc;ico;cur;bmp;dlg;rc2;rct;bin;rgs;gif;jpg;jpeg;jpe;resx;tiff;tif;png;wav;mfcribbon-ms</Extensions>
    </Filter>
  </ItemGroup>
  <ItemGroup>
    <Text Include="web\dist\js\main.js" />
    <Text Include="web\flask\build\lib\flask\testsuite\test_apps\subdomaintestmodule\static\hello.txt" />
    <Text Include="web\flask\build\lib\flask\testsuite\test_apps\moduleapp\apps\admin\static\test.txt" />
    <Text Include="web\flask\build\lib\flask\testsuite\test_apps\blueprintapp\apps\admin\static\test.txt" />
    <Text Include="web\flask\build\lib\flask\testsuite\templates\mail.txt" />
    <Text Include="web\flask\build\lib\flask\testsuite\templates\nested\nested.txt" />
  </ItemGroup>
  <ItemGroup>
    <None Include="web\login\index.html" />
    <None Include="web\dist\js\bootstrap.js" />
    <None Include="web\dist\js\bootstrap.min.js" />
    <None Include="web\dist\js\bootstrap-modal.js" />
    <None Include="web\dist\js\bootstrap-modalmanager.js" />
    <None Include="web\dist\js\npm.js" />
    <None Include="web\dist\css\bootstrap.css" />
    <None Include="web\dist\css\bootstrap.css.map" />
    <None Include="web\dist\css\bootstrap.min.css" />
    <None Include="web\dist\css\bootstrap-modal.css" />
    <None Include="web\dist\css\bootstrap-modal-bs3patch.css" />
    <None Include="web\dist\css\bootstrap-theme.css" />
    <None Include="web\dist\css\bootstrap-theme.css.map" />
    <None Include="web\dist\css\bootstrap-theme.min.css" />
    <None Include="web\dist\fonts\glyphicons-halflings-regular.eot" />
    <None Include="web\dist\fonts\glyphicons-halflings-regular.svg" />
    <None Include="web\dist\fonts\glyphicons-halflings-regular.woff" />
    <None Include="web\dist\fonts\glyphicons-halflings-regular.woff2" />
    <None Include="web\login\login.css" />
    <None Include="web\jukebox-server.py" />
    <None Include="web\templates\login.html" />
    <None Include="web\templates\main.html" />
    <None Include="web\flask\build\lib\flask\testsuite\static\index.html" />
    <None Include="web\flask\build\lib\flask\testsuite\templates\_macro.html" />
    <None Include="web\flask\build\lib\flask\testsuite\templates\context_template.html" />
    <None Include="web\flask\build\lib\flask\testsuite\templates\escaping_template.html" />
    <None Include="web\flask\build\lib\flask\testsuite\templates\simple_template.html" />
    <None Include="web\flask\build\lib\flask\testsuite\templates\template_filter.html" />
    <None Include="web\flask\build\lib\flask\testsuite\templates\template_test.html" />
    <None Include="web\flask\build\lib\flask\testsuite\test_apps\blueprintapp\apps\admin\templates\admin\index.html" />
    <None Include="web\flask\build\lib\flask\testsuite\test_apps\blueprintapp\apps\frontend\templates\frontend\index.html" />
    <None Include="web\flask\build\lib\flask\testsuite\test_apps\moduleapp\apps\admin\templates\index.html" />
    <None Include="web\flask\build\lib\flask\testsuite\test_apps\moduleapp\apps\frontend\templates\index.html" />
    <None Include="web\flask\build\lib\flask\__init__.py" />
    <None Include="web\flask\build\lib\flask\_compat.py" />
    <None Include="web\flask\build\lib\flask\app.py" />
    <None Include="web\flask\build\lib\flask\blueprints.py" />
    <None Include="web\flask\build\lib\flask\config.py" />
    <None Include="web\flask\build\lib\flask\ctx.py" />
    <None Include="web\flask\build\lib\flask\debughelpers.py" />
    <None Include="web\flask\build\lib\flask\exthook.py" />
    <None Include="web\flask\build\lib\flask\globals.py" />
    <None Include="web\flask\build\lib\flask\helpers.py" />
    <None Include="web\flask\build\lib\flask\json.py" />
    <None Include="web\flask\build\lib\flask\logging.py" />
    <None Include="web\flask\build\lib\flask\module.py" />
    <None Include="web\flask\build\lib\flask\sessions.py" />
    <None Include="web\flask\build\lib\flask\signals.py" />
    <None Include="web\flask\build\lib\flask\templating.py" />
    <None Include="web\flask\build\lib\flask\testing.py" />
    <None Include="web\flask\build\lib\flask\views.py" />
    <None Include="web\flask\build\lib\flask\wrappers.py" />
    <None Include="web\flask\build\lib\flask\testsuite\__init__.py" />
    <None Include="web\flask\build\lib\flask\testsuite\appctx.py" />
    <None Include="web\flask\build\lib\flask\testsuite\basic.py" />
    <None Include="web\flask\build\lib\flask\testsuite\blueprints.py" />
    <None Include="web\flask\build\lib\flask\testsuite\config.py" />
    <None Include="web\flask\build\lib\flask\testsuite\deprecations.py" />
    <None Include="web\flask\build\lib\flask\testsuite\examples.py" />
    <None Include="web\flask\build\lib\flask\testsuite\ext.py" />
    <None Include="web\flask\build\lib\flask\testsuite\helpers.py" />
    <None Include="web\flask\build\lib\flask\testsuite\regression.py" />
    <None Include="web\flask\build\lib\flask\testsuite\reqctx.py" />
    <None Include="web\flask\build\lib\flask\testsuite\signals.py" />
    <None Include="web\flask\build\lib\flask\testsuite\subclassing.py" />
    <None Include="web\flask\build\lib\flask\testsuite\templating.py" />
    <None Include="web\flask\build\lib\flask\testsuite\testing.py" />
    <None Include="web\flask\build\lib\flask\testsuite\views.py" />
    <None Include="web\flask\build\lib\flask\testsuite\test_apps\config_module_app.py" />
    <None Include="web\flask\build\lib\flask\testsuite\test_apps\flask_newext_simple.py" />
    <None Include="web\flask\build\lib\flask\testsuite\test_apps\importerror.py" />
    <None Include="web\flask\build\lib\flask\testsuite\test_apps\main_app.py" />
    <None Include="web\flask\build\lib\flask\testsuite\test_apps\subdomaintestmodule\__init__.py" />
    <None Include="web\flask\build\lib\flask\testsuite\test_apps\path\installed_package\__init__.py" />
    <None Include="web\flask\build\lib\flask\testsuite\test_apps\moduleapp\__init__.py" />
    <None Include="web\flask\build\lib\flask\testsuite\test_apps\moduleapp\apps\__init__.py" />
    <None Include="web\flask\build\lib\flask\testsuite\test_apps\moduleapp\apps\frontend\__init__.py" />
    <None Include="web\flask\build\lib\flask\testsuite\test_apps\moduleapp\apps\admin\__init__.py" />
    <None Include="web\flask\build\lib\flask\testsuite\test_apps\moduleapp\apps\admin\static\css\test.css" />
    <None Include="web\flask\build\lib\flask\testsuite\test_apps\lib\python2.5\site-packages\site_app.py" />
    <None Include="web\flask\build\lib\flask\testsuite\test_apps\lib\python2.5\site-packages\SiteEgg.egg" />
    <None Include="web\flask\build\lib\flask\testsuite\test_apps\lib\python2.5\site-packages\site_package\__init__.py" />
    <None Include="web\flask\build\lib\flask\testsuite\test_apps\flaskext\__init__.py" />
    <None Include="web\flask\build\lib\flask\testsuite\test_apps\flaskext\oldext_simple.py" />
    <None Include="web\flask\build\lib\flask\testsuite\test_apps\flaskext\oldext_package\__init__.py" />
    <None Include="web\flask\build\lib\flask\testsuite\test_apps\flaskext\oldext_package\submodule.py" />
    <None Include="web\flask\build\lib\flask\testsuite\test_apps\flask_newext_package\__init__.py" />
    <None Include="web\flask\build\lib\flask\testsuite\test_apps\flask_newext_package\submodule.py" />
    <None Include="web\flask\build\lib\flask\testsuite\test_apps\flask_broken\b.py" />
    <None Include="web\flask\build\lib\flask\testsuite\test_apps\flask_broken\__init__.py" />
    <None Include="web\flask\build\lib\flask\testsuite\test_apps\config_package_app\__init__.py" />
    <None Include="web\flask\build\lib\flask\testsuite\test_apps\blueprintapp\__init__.py" />
    <None Include="web\flask\build\lib\flask\testsuite\test_apps\blueprintapp\apps\__init__.py" />
    <None Include="web\flask\build\lib\flask\testsuite\test_apps\blueprintapp\apps\frontend\__init__.py" />
    <None Include="web\flask\build\lib\flask\testsuite\test_apps\blueprintapp\apps\admin\__init__.py" />
    <None Include="web\flask\build\lib\flask\ext\__init__.py" />
    <None Include="web\templates\admin.html" />
    <None Include="web\static\js\admin.js" />
    <None Include="web\static\js\main.js" />
    <None Include="web\static\js\npm.js" />
    <None Include="web\static\css\admin.css" />
    <None Include="web\static\css\login.css" />
    <None Include="web\static\css\main.css" />
    <None Include="web\static\css\lib\bootstrap.css" />
    <None Include="web\static\css\lib\bootstrap.css.map" />
    <None Include="web\static\css\lib\bootstrap.min.css" />
    <None Include="web\static\css\lib\bootstrap-modal.css" />
    <None Include="web\static\css\lib\bootstrap-modal-bs3patch.css" />
    <None Include="web\static\css\lib\bootstrap-theme.css" />
    <None Include="web\static\css\lib\bootstrap-theme.css.map" />
    <None Include="web\static\css\lib\bootstrap-theme.min.css" />
    <None Include="web\static\css\fonts\glyphicons-halflings-regular.eot" />
    <None Include="web\static\css\fonts\glyphicons-halflings-regular.svg" />
    <None Include="web\static\css\fonts\glyphicons-halflings-regular.woff" />
    <None Include="web\static\css\fonts\glyphicons-halflings-regular.woff2" />
    <None Include="web\templates\register.html" />
  </ItemGroup>
  <ItemGroup>
    <Font Include="web\dist\fonts\glyphicons-halflings-regular.ttf" />
    <Font Include="web\static\css\fonts\glyphicons-halflings-regular.ttf" />
  </ItemGroup>
  <ItemGroup>
    <Image Include="web\img\favicon.ico">
      <Filter>Resource Files</Filter>
    </Image>
    <Image Include="web\img\controls.png">
      <Filter>Resource Files</Filter>
    </Image>
    <Image Include="web\static\img\favicon.ico">
      <Filter>Resource Files</Filter>
    </Image>
  </ItemGroup>
  <ItemGroup>
    <ClCompile Include="streamer\jukebox.cpp">
      <Filter>Source Files</Filter>
    </ClCompile>
  </ItemGroup>
</Project>